// !$*UTF8*$!
{
	archiveVersion = 1;
	classes = {
	};
	objectVersion = 46;
	objects = {

/* Begin PBXBuildFile section */
		85F3CF741BE658C8001F2E47 /* AppDelegate.swift in Sources */ = {isa = PBXBuildFile; fileRef = 85F3CF731BE658C8001F2E47 /* AppDelegate.swift */; };
		85F3CF761BE658C8001F2E47 /* ViewController.swift in Sources */ = {isa = PBXBuildFile; fileRef = 85F3CF751BE658C8001F2E47 /* ViewController.swift */; };
		85F3CF791BE658C8001F2E47 /* Main.storyboard in Resources */ = {isa = PBXBuildFile; fileRef = 85F3CF771BE658C8001F2E47 /* Main.storyboard */; };
		85F3CF7B1BE658C8001F2E47 /* Assets.xcassets in Resources */ = {isa = PBXBuildFile; fileRef = 85F3CF7A1BE658C8001F2E47 /* Assets.xcassets */; };
		85F3CF7E1BE658C8001F2E47 /* LaunchScreen.storyboard in Resources */ = {isa = PBXBuildFile; fileRef = 85F3CF7C1BE658C8001F2E47 /* LaunchScreen.storyboard */; };
		85F3CF891BE658C8001F2E47 /* MZRadioTests.swift in Sources */ = {isa = PBXBuildFile; fileRef = 85F3CF881BE658C8001F2E47 /* MZRadioTests.swift */; };
		85F3CF941BE658C8001F2E47 /* MZRadioUITests.swift in Sources */ = {isa = PBXBuildFile; fileRef = 85F3CF931BE658C8001F2E47 /* MZRadioUITests.swift */; };
/* End PBXBuildFile section */

/* Begin PBXContainerItemProxy section */
		85F3CF851BE658C8001F2E47 /* PBXContainerItemProxy */ = {
			isa = PBXContainerItemProxy;
			containerPortal = 85F3CF681BE658C8001F2E47 /* Project object */;
			proxyType = 1;
			remoteGlobalIDString = 85F3CF6F1BE658C8001F2E47;
			remoteInfo = MZRadio;
		};
		85F3CF901BE658C8001F2E47 /* PBXContainerItemProxy */ = {
			isa = PBXContainerItemProxy;
			containerPortal = 85F3CF681BE658C8001F2E47 /* Project object */;
			proxyType = 1;
			remoteGlobalIDString = 85F3CF6F1BE658C8001F2E47;
			remoteInfo = MZRadio;
		};
/* End PBXContainerItemProxy section */

/* Begin PBXFileReference section */
		85F3CF701BE658C8001F2E47 /* MZRadio.app */ = {isa = PBXFileReference; explicitFileType = wrapper.application; includeInIndex = 0; path = MZRadio.app; sourceTree = BUILT_PRODUCTS_DIR; };
		85F3CF731BE658C8001F2E47 /* AppDelegate.swift */ = {isa = PBXFileReference; lastKnownFileType = sourcecode.swift; path = AppDelegate.swift; sourceTree = "<group>"; };
		85F3CF751BE658C8001F2E47 /* ViewController.swift */ = {isa = PBXFileReference; lastKnownFileType = sourcecode.swift; path = ViewController.swift; sourceTree = "<group>"; };
		85F3CF781BE658C8001F2E47 /* Base */ = {isa = PBXFileReference; lastKnownFileType = file.storyboard; name = Base; path = Base.lproj/Main.storyboard; sourceTree = "<group>"; };
		85F3CF7A1BE658C8001F2E47 /* Assets.xcassets */ = {isa = PBXFileReference; lastKnownFileType = folder.assetcatalog; path = Assets.xcassets; sourceTree = "<group>"; };
		85F3CF7D1BE658C8001F2E47 /* Base */ = {isa = PBXFileReference; lastKnownFileType = file.storyboard; name = Base; path = Base.lproj/LaunchScreen.storyboard; sourceTree = "<group>"; };
		85F3CF7F1BE658C8001F2E47 /* Info.plist */ = {isa = PBXFileReference; lastKnownFileType = text.plist.xml; path = Info.plist; sourceTree = "<group>"; };
		85F3CF841BE658C8001F2E47 /* MZRadioTests.xctest */ = {isa = PBXFileReference; explicitFileType = wrapper.cfbundle; includeInIndex = 0; path = MZRadioTests.xctest; sourceTree = BUILT_PRODUCTS_DIR; };
		85F3CF881BE658C8001F2E47 /* MZRadioTests.swift */ = {isa = PBXFileReference; lastKnownFileType = sourcecode.swift; path = MZRadioTests.swift; sourceTree = "<group>"; };
		85F3CF8A1BE658C8001F2E47 /* Info.plist */ = {isa = PBXFileReference; lastKnownFileType = text.plist.xml; path = Info.plist; sourceTree = "<group>"; };
		85F3CF8F1BE658C8001F2E47 /* MZRadioUITests.xctest */ = {isa = PBXFileReference; explicitFileType = wrapper.cfbundle; includeInIndex = 0; path = MZRadioUITests.xctest; sourceTree = BUILT_PRODUCTS_DIR; };
		85F3CF931BE658C8001F2E47 /* MZRadioUITests.swift */ = {isa = PBXFileReference; lastKnownFileType = sourcecode.swift; path = MZRadioUITests.swift; sourceTree = "<group>"; };
		85F3CF951BE658C8001F2E47 /* Info.plist */ = {isa = PBXFileReference; lastKnownFileType = text.plist.xml; path = Info.plist; sourceTree = "<group>"; };
/* End PBXFileReference section */

/* Begin PBXFrameworksBuildPhase section */
		85F3CF6D1BE658C8001F2E47 /* Frameworks */ = {
			isa = PBXFrameworksBuildPhase;
			buildActionMask = 2147483647;
			files = (
			);
			runOnlyForDeploymentPostprocessing = 0;
		};
		85F3CF811BE658C8001F2E47 /* Frameworks */ = {
			isa = PBXFrameworksBuildPhase;
			buildActionMask = 2147483647;
			files = (
			);
			runOnlyForDeploymentPostprocessing = 0;
		};
		85F3CF8C1BE658C8001F2E47 /* Frameworks */ = {
			isa = PBXFrameworksBuildPhase;
			buildActionMask = 2147483647;
			files = (
			);
			runOnlyForDeploymentPostprocessing = 0;
		};
/* End PBXFrameworksBuildPhase section */

/* Begin PBXGroup section */
		85F3CF671BE658C8001F2E47 = {
			isa = PBXGroup;
			children = (
				85F3CF721BE658C8001F2E47 /* MZRadio */,
				85F3CF871BE658C8001F2E47 /* MZRadioTests */,
				85F3CF921BE658C8001F2E47 /* MZRadioUITests */,
				85F3CF711BE658C8001F2E47 /* Products */,
			);
			sourceTree = "<group>";
		};
		85F3CF711BE658C8001F2E47 /* Products */ = {
			isa = PBXGroup;
			children = (
				85F3CF701BE658C8001F2E47 /* MZRadio.app */,
				85F3CF841BE658C8001F2E47 /* MZRadioTests.xctest */,
				85F3CF8F1BE658C8001F2E47 /* MZRadioUITests.xctest */,
			);
			name = Products;
			sourceTree = "<group>";
		};
		85F3CF721BE658C8001F2E47 /* MZRadio */ = {
			isa = PBXGroup;
			children = (
				85F3CF731BE658C8001F2E47 /* AppDelegate.swift */,
				85F3CF751BE658C8001F2E47 /* ViewController.swift */,
				85F3CF771BE658C8001F2E47 /* Main.storyboard */,
				85F3CF7A1BE658C8001F2E47 /* Assets.xcassets */,
				85F3CF7C1BE658C8001F2E47 /* LaunchScreen.storyboard */,
				85F3CF7F1BE658C8001F2E47 /* Info.plist */,
			);
			path = MZRadio;
			sourceTree = "<group>";
		};
		85F3CF871BE658C8001F2E47 /* MZRadioTests */ = {
			isa = PBXGroup;
			children = (
				85F3CF881BE658C8001F2E47 /* MZRadioTests.swift */,
				85F3CF8A1BE658C8001F2E47 /* Info.plist */,
			);
			path = MZRadioTests;
			sourceTree = "<group>";
		};
		85F3CF921BE658C8001F2E47 /* MZRadioUITests */ = {
			isa = PBXGroup;
			children = (
				85F3CF931BE658C8001F2E47 /* MZRadioUITests.swift */,
				85F3CF951BE658C8001F2E47 /* Info.plist */,
			);
			path = MZRadioUITests;
			sourceTree = "<group>";
		};
/* End PBXGroup section */

/* Begin PBXNativeTarget section */
		85F3CF6F1BE658C8001F2E47 /* MZRadio */ = {
			isa = PBXNativeTarget;
			buildConfigurationList = 85F3CF981BE658C8001F2E47 /* Build configuration list for PBXNativeTarget "MZRadio" */;
			buildPhases = (
				85F3CF6C1BE658C8001F2E47 /* Sources */,
				85F3CF6D1BE658C8001F2E47 /* Frameworks */,
				85F3CF6E1BE658C8001F2E47 /* Resources */,
			);
			buildRules = (
			);
			dependencies = (
			);
			name = MZRadio;
			productName = MZRadio;
			productReference = 85F3CF701BE658C8001F2E47 /* MZRadio.app */;
			productType = "com.apple.product-type.application";
		};
		85F3CF831BE658C8001F2E47 /* MZRadioTests */ = {
			isa = PBXNativeTarget;
			buildConfigurationList = 85F3CF9B1BE658C8001F2E47 /* Build configuration list for PBXNativeTarget "MZRadioTests" */;
			buildPhases = (
				85F3CF801BE658C8001F2E47 /* Sources */,
				85F3CF811BE658C8001F2E47 /* Frameworks */,
				85F3CF821BE658C8001F2E47 /* Resources */,
			);
			buildRules = (
			);
			dependencies = (
				85F3CF861BE658C8001F2E47 /* PBXTargetDependency */,
			);
			name = MZRadioTests;
			productName = MZRadioTests;
			productReference = 85F3CF841BE658C8001F2E47 /* MZRadioTests.xctest */;
			productType = "com.apple.product-type.bundle.unit-test";
		};
		85F3CF8E1BE658C8001F2E47 /* MZRadioUITests */ = {
			isa = PBXNativeTarget;
			buildConfigurationList = 85F3CF9E1BE658C8001F2E47 /* Build configuration list for PBXNativeTarget "MZRadioUITests" */;
			buildPhases = (
				85F3CF8B1BE658C8001F2E47 /* Sources */,
				85F3CF8C1BE658C8001F2E47 /* Frameworks */,
				85F3CF8D1BE658C8001F2E47 /* Resources */,
			);
			buildRules = (
			);
			dependencies = (
				85F3CF911BE658C8001F2E47 /* PBXTargetDependency */,
			);
			name = MZRadioUITests;
			productName = MZRadioUITests;
			productReference = 85F3CF8F1BE658C8001F2E47 /* MZRadioUITests.xctest */;
			productType = "com.apple.product-type.bundle.ui-testing";
		};
/* End PBXNativeTarget section */

/* Begin PBXProject section */
		85F3CF681BE658C8001F2E47 /* Project object */ = {
			isa = PBXProject;
			attributes = {
				LastSwiftUpdateCheck = 0710;
				LastUpgradeCheck = 0710;
				ORGANIZATIONNAME = jiandougang;
				TargetAttributes = {
					85F3CF6F1BE658C8001F2E47 = {
						CreatedOnToolsVersion = 7.1;
						DevelopmentTeam = X2PZCX64NQ;
					};
					85F3CF831BE658C8001F2E47 = {
						CreatedOnToolsVersion = 7.1;
						DevelopmentTeam = X2PZCX64NQ;
						TestTargetID = 85F3CF6F1BE658C8001F2E47;
					};
					85F3CF8E1BE658C8001F2E47 = {
						CreatedOnToolsVersion = 7.1;
						DevelopmentTeam = X2PZCX64NQ;
						TestTargetID = 85F3CF6F1BE658C8001F2E47;
					};
				};
			};
			buildConfigurationList = 85F3CF6B1BE658C8001F2E47 /* Build configuration list for PBXProject "MZRadio" */;
			compatibilityVersion = "Xcode 3.2";
			developmentRegion = English;
			hasScannedForEncodings = 0;
			knownRegions = (
				en,
				Base,
			);
			mainGroup = 85F3CF671BE658C8001F2E47;
			productRefGroup = 85F3CF711BE658C8001F2E47 /* Products */;
			projectDirPath = "";
			projectRoot = "";
			targets = (
				85F3CF6F1BE658C8001F2E47 /* MZRadio */,
				85F3CF831BE658C8001F2E47 /* MZRadioTests */,
				85F3CF8E1BE658C8001F2E47 /* MZRadioUITests */,
			);
		};
/* End PBXProject section */

/* Begin PBXResourcesBuildPhase section */
		85F3CF6E1BE658C8001F2E47 /* Resources */ = {
			isa = PBXResourcesBuildPhase;
			buildActionMask = 2147483647;
			files = (
				85F3CF7E1BE658C8001F2E47 /* LaunchScreen.storyboard in Resources */,
				85F3CF7B1BE658C8001F2E47 /* Assets.xcassets in Resources */,
				85F3CF791BE658C8001F2E47 /* Main.storyboard in Resources */,
			);
			runOnlyForDeploymentPostprocessing = 0;
		};
		85F3CF821BE658C8001F2E47 /* Resources */ = {
			isa = PBXResourcesBuildPhase;
			buildActionMask = 2147483647;
			files = (
			);
			runOnlyForDeploymentPostprocessing = 0;
		};
		85F3CF8D1BE658C8001F2E47 /* Resources */ = {
			isa = PBXResourcesBuildPhase;
			buildActionMask = 2147483647;
			files = (
			);
			runOnlyForDeploymentPostprocessing = 0;
		};
/* End PBXResourcesBuildPhase section */

/* Begin PBXSourcesBuildPhase section */
		85F3CF6C1BE658C8001F2E47 /* Sources */ = {
			isa = PBXSourcesBuildPhase;
			buildActionMask = 2147483647;
			files = (
				85F3CF761BE658C8001F2E47 /* ViewController.swift in Sources */,
				85F3CF741BE658C8001F2E47 /* AppDelegate.swift in Sources */,
			);
			runOnlyForDeploymentPostprocessing = 0;
		};
		85F3CF801BE658C8001F2E47 /* Sources */ = {
			isa = PBXSourcesBuildPhase;
			buildActionMask = 2147483647;
			files = (
				85F3CF891BE658C8001F2E47 /* MZRadioTests.swift in Sources */,
			);
			runOnlyForDeploymentPostprocessing = 0;
		};
		85F3CF8B1BE658C8001F2E47 /* Sources */ = {
			isa = PBXSourcesBuildPhase;
			buildActionMask = 2147483647;
			files = (
				85F3CF941BE658C8001F2E47 /* MZRadioUITests.swift in Sources */,
			);
			runOnlyForDeploymentPostprocessing = 0;
		};
/* End PBXSourcesBuildPhase section */

/* Begin PBXTargetDependency section */
		85F3CF861BE658C8001F2E47 /* PBXTargetDependency */ = {
			isa = PBXTargetDependency;
			target = 85F3CF6F1BE658C8001F2E47 /* MZRadio */;
			targetProxy = 85F3CF851BE658C8001F2E47 /* PBXContainerItemProxy */;
		};
		85F3CF911BE658C8001F2E47 /* PBXTargetDependency */ = {
			isa = PBXTargetDependency;
			target = 85F3CF6F1BE658C8001F2E47 /* MZRadio */;
			targetProxy = 85F3CF901BE658C8001F2E47 /* PBXContainerItemProxy */;
		};
/* End PBXTargetDependency section */

/* Begin PBXVariantGroup section */
		85F3CF771BE658C8001F2E47 /* Main.storyboard */ = {
			isa = PBXVariantGroup;
			children = (
				85F3CF781BE658C8001F2E47 /* Base */,
			);
			name = Main.storyboard;
			sourceTree = "<group>";
		};
		85F3CF7C1BE658C8001F2E47 /* LaunchScreen.storyboard */ = {
			isa = PBXVariantGroup;
			children = (
				85F3CF7D1BE658C8001F2E47 /* Base */,
			);
			name = LaunchScreen.storyboard;
			sourceTree = "<group>";
		};
/* End PBXVariantGroup section */

/* Begin XCBuildConfiguration section */
		85F3CF961BE658C8001F2E47 /* Debug */ = {
			isa = XCBuildConfiguration;
			buildSettings = {
				ALWAYS_SEARCH_USER_PATHS = NO;
				CLANG_CXX_LANGUAGE_STANDARD = "gnu++0x";
				CLANG_CXX_LIBRARY = "libc++";
				CLANG_ENABLE_MODULES = YES;
				CLANG_ENABLE_OBJC_ARC = YES;
				CLANG_WARN_BOOL_CONVERSION = YES;
				CLANG_WARN_CONSTANT_CONVERSION = YES;
				CLANG_WARN_DIRECT_OBJC_ISA_USAGE = YES_ERROR;
				CLANG_WARN_EMPTY_BODY = YES;
				CLANG_WARN_ENUM_CONVERSION = YES;
				CLANG_WARN_INT_CONVERSION = YES;
				CLANG_WARN_OBJC_ROOT_CLASS = YES_ERROR;
				CLANG_WARN_UNREACHABLE_CODE = YES;
				CLANG_WARN__DUPLICATE_METHOD_MATCH = YES;
				"CODE_SIGN_IDENTITY[sdk=iphoneos*]" = "iPhone Developer";
				COPY_PHASE_STRIP = NO;
				DEBUG_INFORMATION_FORMAT = dwarf;
				ENABLE_STRICT_OBJC_MSGSEND = YES;
				ENABLE_TESTABILITY = YES;
				GCC_C_LANGUAGE_STANDARD = gnu99;
				GCC_DYNAMIC_NO_PIC = NO;
				GCC_NO_COMMON_BLOCKS = YES;
				GCC_OPTIMIZATION_LEVEL = 0;
				GCC_PREPROCESSOR_DEFINITIONS = (
					"DEBUG=1",
					"$(inherited)",
				);
				GCC_WARN_64_TO_32_BIT_CONVERSION = YES;
				GCC_WARN_ABOUT_RETURN_TYPE = YES_ERROR;
				GCC_WARN_UNDECLARED_SELECTOR = YES;
				GCC_WARN_UNINITIALIZED_AUTOS = YES_AGGRESSIVE;
				GCC_WARN_UNUSED_FUNCTION = YES;
				GCC_WARN_UNUSED_VARIABLE = YES;
				IPHONEOS_DEPLOYMENT_TARGET = 9.1;
				MTL_ENABLE_DEBUG_INFO = YES;
				ONLY_ACTIVE_ARCH = YES;
				SDKROOT = iphoneos;
				SWIFT_OPTIMIZATION_LEVEL = "-Onone";
			};
			name = Debug;
		};
		85F3CF971BE658C8001F2E47 /* Release */ = {
			isa = XCBuildConfiguration;
			buildSettings = {
				ALWAYS_SEARCH_USER_PATHS = NO;
				CLANG_CXX_LANGUAGE_STANDARD = "gnu++0x";
				CLANG_CXX_LIBRARY = "libc++";
				CLANG_ENABLE_MODULES = YES;
				CLANG_ENABLE_OBJC_ARC = YES;
				CLANG_WARN_BOOL_CONVERSION = YES;
				CLANG_WARN_CONSTANT_CONVERSION = YES;
				CLANG_WARN_DIRECT_OBJC_ISA_USAGE = YES_ERROR;
				CLANG_WARN_EMPTY_BODY = YES;
				CLANG_WARN_ENUM_CONVERSION = YES;
				CLANG_WARN_INT_CONVERSION = YES;
				CLANG_WARN_OBJC_ROOT_CLASS = YES_ERROR;
				CLANG_WARN_UNREACHABLE_CODE = YES;
				CLANG_WARN__DUPLICATE_METHOD_MATCH = YES;
				"CODE_SIGN_IDENTITY[sdk=iphoneos*]" = "iPhone Developer";
				COPY_PHASE_STRIP = NO;
				DEBUG_INFORMATION_FORMAT = "dwarf-with-dsym";
				ENABLE_NS_ASSERTIONS = NO;
				ENABLE_STRICT_OBJC_MSGSEND = YES;
				GCC_C_LANGUAGE_STANDARD = gnu99;
				GCC_NO_COMMON_BLOCKS = YES;
				GCC_WARN_64_TO_32_BIT_CONVERSION = YES;
				GCC_WARN_ABOUT_RETURN_TYPE = YES_ERROR;
				GCC_WARN_UNDECLARED_SELECTOR = YES;
				GCC_WARN_UNINITIALIZED_AUTOS = YES_AGGRESSIVE;
				GCC_WARN_UNUSED_FUNCTION = YES;
				GCC_WARN_UNUSED_VARIABLE = YES;
				IPHONEOS_DEPLOYMENT_TARGET = 9.1;
				MTL_ENABLE_DEBUG_INFO = NO;
				SDKROOT = iphoneos;
				VALIDATE_PRODUCT = YES;
			};
			name = Release;
		};
		85F3CF991BE658C8001F2E47 /* Debug */ = {
			isa = XCBuildConfiguration;
			buildSettings = {
				ASSETCATALOG_COMPILER_APPICON_NAME = AppIcon;
				INFOPLIST_FILE = MZRadio/Info.plist;
				LD_RUNPATH_SEARCH_PATHS = "$(inherited) @executable_path/Frameworks";
				PRODUCT_BUNDLE_IDENTIFIER = jiandougang.MZRadio;
				PRODUCT_NAME = "$(TARGET_NAME)";
			};
			name = Debug;
		};
		85F3CF9A1BE658C8001F2E47 /* Release */ = {
			isa = XCBuildConfiguration;
			buildSettings = {
				ASSETCATALOG_COMPILER_APPICON_NAME = AppIcon;
				INFOPLIST_FILE = MZRadio/Info.plist;
				LD_RUNPATH_SEARCH_PATHS = "$(inherited) @executable_path/Frameworks";
				PRODUCT_BUNDLE_IDENTIFIER = jiandougang.MZRadio;
				PRODUCT_NAME = "$(TARGET_NAME)";
			};
			name = Release;
		};
		85F3CF9C1BE658C8001F2E47 /* Debug */ = {
			isa = XCBuildConfiguration;
			buildSettings = {
				BUNDLE_LOADER = "$(TEST_HOST)";
				INFOPLIST_FILE = MZRadioTests/Info.plist;
				LD_RUNPATH_SEARCH_PATHS = "$(inherited) @executable_path/Frameworks @loader_path/Frameworks";
				PRODUCT_BUNDLE_IDENTIFIER = jiandougang.MZRadioTests;
				PRODUCT_NAME = "$(TARGET_NAME)";
				TEST_HOST = "$(BUILT_PRODUCTS_DIR)/MZRadio.app/MZRadio";
			};
			name = Debug;
		};
		85F3CF9D1BE658C8001F2E47 /* Release */ = {
			isa = XCBuildConfiguration;
			buildSettings = {
				BUNDLE_LOADER = "$(TEST_HOST)";
				INFOPLIST_FILE = MZRadioTests/Info.plist;
				LD_RUNPATH_SEARCH_PATHS = "$(inherited) @executable_path/Frameworks @loader_path/Frameworks";
				PRODUCT_BUNDLE_IDENTIFIER = jiandougang.MZRadioTests;
				PRODUCT_NAME = "$(TARGET_NAME)";
				TEST_HOST = "$(BUILT_PRODUCTS_DIR)/MZRadio.app/MZRadio";
			};
			name = Release;
		};
		85F3CF9F1BE658C8001F2E47 /* Debug */ = {
			isa = XCBuildConfiguration;
			buildSettings = {
				INFOPLIST_FILE = MZRadioUITests/Info.plist;
				LD_RUNPATH_SEARCH_PATHS = "$(inherited) @executable_path/Frameworks @loader_path/Frameworks";
				PRODUCT_BUNDLE_IDENTIFIER = jiandougang.MZRadioUITests;
				PRODUCT_NAME = "$(TARGET_NAME)";
				TEST_TARGET_NAME = MZRadio;
				USES_XCTRUNNER = YES;
			};
			name = Debug;
		};
		85F3CFA01BE658C8001F2E47 /* Release */ = {
			isa = XCBuildConfiguration;
			buildSettings = {
				INFOPLIST_FILE = MZRadioUITests/Info.plist;
				LD_RUNPATH_SEARCH_PATHS = "$(inherited) @executable_path/Frameworks @loader_path/Frameworks";
				PRODUCT_BUNDLE_IDENTIFIER = jiandougang.MZRadioUITests;
				PRODUCT_NAME = "$(TARGET_NAME)";
				TEST_TARGET_NAME = MZRadio;
				USES_XCTRUNNER = YES;
			};
			name = Release;
		};
/* End XCBuildConfiguration section */

/* Begin XCConfigurationList section */
		85F3CF6B1BE658C8001F2E47 /* Build configuration list for PBXProject "MZRadio" */ = {
			isa = XCConfigurationList;
			buildConfigurations = (
				85F3CF961BE658C8001F2E47 /* Debug */,
				85F3CF971BE658C8001F2E47 /* Release */,
			);
			defaultConfigurationIsVisible = 0;
			defaultConfigurationName = Release;
		};
		85F3CF981BE658C8001F2E47 /* Build configuration list for PBXNativeTarget "MZRadio" */ = {
			isa = XCConfigurationList;
			buildConfigurations = (
				85F3CF991BE658C8001F2E47 /* Debug */,
				85F3CF9A1BE658C8001F2E47 /* Release */,
			);
			defaultConfigurationIsVisible = 0;
		};
		85F3CF9B1BE658C8001F2E47 /* Build configuration list for PBXNativeTarget "MZRadioTests" */ = {
			isa = XCConfigurationList;
			buildConfigurations = (
				85F3CF9C1BE658C8001F2E47 /* Debug */,
				85F3CF9D1BE658C8001F2E47 /* Release */,
			);
			defaultConfigurationIsVisible = 0;
		};
		85F3CF9E1BE658C8001F2E47 /* Build configuration list for PBXNativeTarget "MZRadioUITests" */ = {
			isa = XCConfigurationList;
			buildConfigurations = (
				85F3CF9F1BE658C8001F2E47 /* Debug */,
				85F3CFA01BE658C8001F2E47 /* Release */,
			);
			defaultConfigurationIsVisible = 0;
		};
/* End XCConfigurationList section */
	};
	rootObject = 85F3CF681BE658C8001F2E47 /* Project object */;
}
